// !$*UTF8*$!
{
	archiveVersion = 1;
	classes = {
	};
	objectVersion = 46;
	objects = {

/* Begin PBXBuildFile section */
		04579CBE1C7C007500FABFC3 /* main.m in Sources */ = {isa = PBXBuildFile; fileRef = 04579CBD1C7C007500FABFC3 /* main.m */; };
		04579CC11C7C007500FABFC3 /* AppDelegate.m in Sources */ = {isa = PBXBuildFile; fileRef = 04579CC01C7C007500FABFC3 /* AppDelegate.m */; };
		04579CC41C7C007500FABFC3 /* ViewController.m in Sources */ = {isa = PBXBuildFile; fileRef = 04579CC31C7C007500FABFC3 /* ViewController.m */; };
		04579CC71C7C007500FABFC3 /* Main.storyboard in Resources */ = {isa = PBXBuildFile; fileRef = 04579CC51C7C007500FABFC3 /* Main.storyboard */; };
		04579CC91C7C007500FABFC3 /* Assets.xcassets in Resources */ = {isa = PBXBuildFile; fileRef = 04579CC81C7C007500FABFC3 /* Assets.xcassets */; };
		04579CCC1C7C007500FABFC3 /* LaunchScreen.storyboard in Resources */ = {isa = PBXBuildFile; fileRef = 04579CCA1C7C007500FABFC3 /* LaunchScreen.storyboard */; };
		04579CD71C7C007500FABFC3 /* RichTextCoreTextTests.m in Sources */ = {isa = PBXBuildFile; fileRef = 04579CD61C7C007500FABFC3 /* RichTextCoreTextTests.m */; };
		04579CE21C7C007500FABFC3 /* RichTextCoreTextUITests.m in Sources */ = {isa = PBXBuildFile; fileRef = 04579CE11C7C007500FABFC3 /* RichTextCoreTextUITests.m */; };
		04579D2D1C7C011800FABFC3 /* active_page_image.png in Resources */ = {isa = PBXBuildFile; fileRef = 04579CF01C7C011800FABFC3 /* active_page_image.png */; };
		04579D2E1C7C011800FABFC3 /* board_system.png in Resources */ = {isa = PBXBuildFile; fileRef = 04579CF11C7C011800FABFC3 /* board_system.png */; };
		04579D2F1C7C011800FABFC3 /* board_system_down.png in Resources */ = {isa = PBXBuildFile; fileRef = 04579CF21C7C011800FABFC3 /* board_system_down.png */; };
		04579D301C7C011800FABFC3 /* del_emoji_normal.png in Resources */ = {isa = PBXBuildFile; fileRef = 04579CF31C7C011800FABFC3 /* del_emoji_normal.png */; };
		04579D311C7C011800FABFC3 /* del_emoji_normal@2x.png in Resources */ = {isa = PBXBuildFile; fileRef = 04579CF41C7C011800FABFC3 /* del_emoji_normal@2x.png */; };
		04579D321C7C011800FABFC3 /* del_emoji_select.png in Resources */ = {isa = PBXBuildFile; fileRef = 04579CF51C7C011800FABFC3 /* del_emoji_select.png */; };
		04579D331C7C011800FABFC3 /* del_emoji_select@2x.png in Resources */ = {isa = PBXBuildFile; fileRef = 04579CF61C7C011800FABFC3 /* del_emoji_select@2x.png */; };
		04579D341C7C011800FABFC3 /* emotion_del_normal.png in Resources */ = {isa = PBXBuildFile; fileRef = 04579CF71C7C011800FABFC3 /* emotion_del_normal.png */; };
		04579D351C7C011800FABFC3 /* f_static_000.png in Resources */ = {isa = PBXBuildFile; fileRef = 04579CF81C7C011800FABFC3 /* f_static_000.png */; };
		04579D361C7C011800FABFC3 /* f_static_001.png in Resources */ = {isa = PBXBuildFile; fileRef = 04579CF91C7C011800FABFC3 /* f_static_001.png */; };
		04579D371C7C011800FABFC3 /* f_static_002.png in Resources */ = {isa = PBXBuildFile; fileRef = 04579CFA1C7C011800FABFC3 /* f_static_002.png */; };
		04579D381C7C011800FABFC3 /* f_static_003.png in Resources */ = {isa = PBXBuildFile; fileRef = 04579CFB1C7C011800FABFC3 /* f_static_003.png */; };
		04579D391C7C011800FABFC3 /* f_static_004.png in Resources */ = {isa = PBXBuildFile; fileRef = 04579CFC1C7C011800FABFC3 /* f_static_004.png */; };
		04579D3A1C7C011800FABFC3 /* f_static_005.png in Resources */ = {isa = PBXBuildFile; fileRef = 04579CFD1C7C011800FABFC3 /* f_static_005.png */; };
		04579D3B1C7C011800FABFC3 /* f_static_006.png in Resources */ = {isa = PBXBuildFile; fileRef = 04579CFE1C7C011800FABFC3 /* f_static_006.png */; };
		04579D3C1C7C011800FABFC3 /* f_static_007.png in Resources */ = {isa = PBXBuildFile; fileRef = 04579CFF1C7C011800FABFC3 /* f_static_007.png */; };
		04579D3D1C7C011800FABFC3 /* f_static_008.png in Resources */ = {isa = PBXBuildFile; fileRef = 04579D001C7C011800FABFC3 /* f_static_008.png */; };
		04579D3E1C7C011800FABFC3 /* f_static_009.png in Resources */ = {isa = PBXBuildFile; fileRef = 04579D011C7C011800FABFC3 /* f_static_009.png */; };
		04579D3F1C7C011800FABFC3 /* f_static_010.png in Resources */ = {isa = PBXBuildFile; fileRef = 04579D021C7C011800FABFC3 /* f_static_010.png */; };
		04579D401C7C011800FABFC3 /* f_static_011.png in Resources */ = {isa = PBXBuildFile; fileRef = 04579D031C7C011800FABFC3 /* f_static_011.png */; };
		04579D411C7C011800FABFC3 /* f_static_012.png in Resources */ = {isa = PBXBuildFile; fileRef = 04579D041C7C011800FABFC3 /* f_static_012.png */; };
		04579D421C7C011800FABFC3 /* f_static_013.png in Resources */ = {isa = PBXBuildFile; fileRef = 04579D051C7C011800FABFC3 /* f_static_013.png */; };
		04579D431C7C011800FABFC3 /* f_static_014.png in Resources */ = {isa = PBXBuildFile; fileRef = 04579D061C7C011800FABFC3 /* f_static_014.png */; };
		04579D441C7C011800FABFC3 /* f_static_015.png in Resources */ = {isa = PBXBuildFile; fileRef = 04579D071C7C011800FABFC3 /* f_static_015.png */; };
		04579D451C7C011800FABFC3 /* f_static_016.png in Resources */ = {isa = PBXBuildFile; fileRef = 04579D081C7C011800FABFC3 /* f_static_016.png */; };
		04579D461C7C011800FABFC3 /* f_static_017.png in Resources */ = {isa = PBXBuildFile; fileRef = 04579D091C7C011800FABFC3 /* f_static_017.png */; };
		04579D471C7C011800FABFC3 /* f_static_018.png in Resources */ = {isa = PBXBuildFile; fileRef = 04579D0A1C7C011800FABFC3 /* f_static_018.png */; };
		04579D481C7C011800FABFC3 /* f_static_019.png in Resources */ = {isa = PBXBuildFile; fileRef = 04579D0B1C7C011800FABFC3 /* f_static_019.png */; };
		04579D491C7C011800FABFC3 /* f_static_020.png in Resources */ = {isa = PBXBuildFile; fileRef = 04579D0C1C7C011800FABFC3 /* f_static_020.png */; };
		04579D4A1C7C011800FABFC3 /* f_static_021.png in Resources */ = {isa = PBXBuildFile; fileRef = 04579D0D1C7C011800FABFC3 /* f_static_021.png */; };
		04579D4B1C7C011800FABFC3 /* f_static_022.png in Resources */ = {isa = PBXBuildFile; fileRef = 04579D0E1C7C011800FABFC3 /* f_static_022.png */; };
		04579D4C1C7C011800FABFC3 /* f_static_023.png in Resources */ = {isa = PBXBuildFile; fileRef = 04579D0F1C7C011800FABFC3 /* f_static_023.png */; };
		04579D4D1C7C011800FABFC3 /* f_static_024.png in Resources */ = {isa = PBXBuildFile; fileRef = 04579D101C7C011800FABFC3 /* f_static_024.png */; };
		04579D4E1C7C011800FABFC3 /* f_static_025.png in Resources */ = {isa = PBXBuildFile; fileRef = 04579D111C7C011800FABFC3 /* f_static_025.png */; };
		04579D4F1C7C011800FABFC3 /* f_static_026.png in Resources */ = {isa = PBXBuildFile; fileRef = 04579D121C7C011800FABFC3 /* f_static_026.png */; };
		04579D501C7C011800FABFC3 /* f_static_027.png in Resources */ = {isa = PBXBuildFile; fileRef = 04579D131C7C011800FABFC3 /* f_static_027.png */; };
		04579D511C7C011800FABFC3 /* f_static_028.png in Resources */ = {isa = PBXBuildFile; fileRef = 04579D141C7C011800FABFC3 /* f_static_028.png */; };
		04579D521C7C011800FABFC3 /* f_static_029.png in Resources */ = {isa = PBXBuildFile; fileRef = 04579D151C7C011800FABFC3 /* f_static_029.png */; };
		04579D531C7C011800FABFC3 /* f_static_030.png in Resources */ = {isa = PBXBuildFile; fileRef = 04579D161C7C011800FABFC3 /* f_static_030.png */; };
		04579D541C7C011800FABFC3 /* f_static_031.png in Resources */ = {isa = PBXBuildFile; fileRef = 04579D171C7C011800FABFC3 /* f_static_031.png */; };
		04579D551C7C011800FABFC3 /* f_static_032.png in Resources */ = {isa = PBXBuildFile; fileRef = 04579D181C7C011800FABFC3 /* f_static_032.png */; };
		04579D561C7C011800FABFC3 /* f_static_033.png in Resources */ = {isa = PBXBuildFile; fileRef = 04579D191C7C011800FABFC3 /* f_static_033.png */; };
		04579D571C7C011800FABFC3 /* f_static_034.png in Resources */ = {isa = PBXBuildFile; fileRef = 04579D1A1C7C011800FABFC3 /* f_static_034.png */; };
		04579D581C7C011800FABFC3 /* f_static_035.png in Resources */ = {isa = PBXBuildFile; fileRef = 04579D1B1C7C011800FABFC3 /* f_static_035.png */; };
		04579D591C7C011800FABFC3 /* f_static_036.png in Resources */ = {isa = PBXBuildFile; fileRef = 04579D1C1C7C011800FABFC3 /* f_static_036.png */; };
		04579D5A1C7C011800FABFC3 /* f_static_037.png in Resources */ = {isa = PBXBuildFile; fileRef = 04579D1D1C7C011800FABFC3 /* f_static_037.png */; };
		04579D5B1C7C011800FABFC3 /* f_static_038.png in Resources */ = {isa = PBXBuildFile; fileRef = 04579D1E1C7C011800FABFC3 /* f_static_038.png */; };
		04579D5C1C7C011800FABFC3 /* f_static_039.png in Resources */ = {isa = PBXBuildFile; fileRef = 04579D1F1C7C011800FABFC3 /* f_static_039.png */; };
		04579D5D1C7C011800FABFC3 /* f_static_040.png in Resources */ = {isa = PBXBuildFile; fileRef = 04579D201C7C011800FABFC3 /* f_static_040.png */; };
		04579D5E1C7C011800FABFC3 /* f_static_041.png in Resources */ = {isa = PBXBuildFile; fileRef = 04579D211C7C011800FABFC3 /* f_static_041.png */; };
		04579D5F1C7C011800FABFC3 /* f_static_042.png in Resources */ = {isa = PBXBuildFile; fileRef = 04579D221C7C011800FABFC3 /* f_static_042.png */; };
		04579D601C7C011800FABFC3 /* f_static_043.png in Resources */ = {isa = PBXBuildFile; fileRef = 04579D231C7C011800FABFC3 /* f_static_043.png */; };
		04579D611C7C011800FABFC3 /* f_static_044.png in Resources */ = {isa = PBXBuildFile; fileRef = 04579D241C7C011800FABFC3 /* f_static_044.png */; };
		04579D621C7C011800FABFC3 /* f_static_045.png in Resources */ = {isa = PBXBuildFile; fileRef = 04579D251C7C011800FABFC3 /* f_static_045.png */; };
		04579D631C7C011800FABFC3 /* f_static_046.png in Resources */ = {isa = PBXBuildFile; fileRef = 04579D261C7C011800FABFC3 /* f_static_046.png */; };
		04579D641C7C011800FABFC3 /* f_static_047.png in Resources */ = {isa = PBXBuildFile; fileRef = 04579D271C7C011800FABFC3 /* f_static_047.png */; };
		04579D651C7C011800FABFC3 /* f_static_048.png in Resources */ = {isa = PBXBuildFile; fileRef = 04579D281C7C011800FABFC3 /* f_static_048.png */; };
		04579D661C7C011800FABFC3 /* f_static_049.png in Resources */ = {isa = PBXBuildFile; fileRef = 04579D291C7C011800FABFC3 /* f_static_049.png */; };
		04579D671C7C011800FABFC3 /* f_static_050.png in Resources */ = {isa = PBXBuildFile; fileRef = 04579D2A1C7C011800FABFC3 /* f_static_050.png */; };
		04579D681C7C011800FABFC3 /* f_static_051.png in Resources */ = {isa = PBXBuildFile; fileRef = 04579D2B1C7C011800FABFC3 /* f_static_051.png */; };
		04579D691C7C011800FABFC3 /* inactive_page_image.png in Resources */ = {isa = PBXBuildFile; fileRef = 04579D2C1C7C011800FABFC3 /* inactive_page_image.png */; };
		04579D701C7C02F900FABFC3 /* DDRichTextView.m in Sources */ = {isa = PBXBuildFile; fileRef = 04579D6F1C7C02F900FABFC3 /* DDRichTextView.m */; };
		046CF55C1C7DB2E200F8C307 /* ILRegularExpressionManager.m in Sources */ = {isa = PBXBuildFile; fileRef = 046CF55B1C7DB2E200F8C307 /* ILRegularExpressionManager.m */; };
		046CF55F1C7DB47F00F8C307 /* NSString+NSString_ILExtension.m in Sources */ = {isa = PBXBuildFile; fileRef = 046CF55E1C7DB47F00F8C307 /* NSString+NSString_ILExtension.m */; };
		046CF5621C7DB4FA00F8C307 /* NSArray+NSArray_ILExtension.m in Sources */ = {isa = PBXBuildFile; fileRef = 046CF5611C7DB4FA00F8C307 /* NSArray+NSArray_ILExtension.m */; };
		04B583561C7F3CCE003F2582 /* DDCTRichTextView.m in Sources */ = {isa = PBXBuildFile; fileRef = 04B583501C7F3CCE003F2582 /* DDCTRichTextView.m */; };
		04B5835E1C7F3D14003F2582 /* DDRegularExpression.m in Sources */ = {isa = PBXBuildFile; fileRef = 04B5835B1C7F3D14003F2582 /* DDRegularExpression.m */; };
		04B5835F1C7F3D14003F2582 /* NSString+DDRegularExtension.m in Sources */ = {isa = PBXBuildFile; fileRef = 04B5835D1C7F3D14003F2582 /* NSString+DDRegularExtension.m */; };
		04B583621C7F3EC7003F2582 /* DDCoreTextData.m in Sources */ = {isa = PBXBuildFile; fileRef = 04B583611C7F3EC7003F2582 /* DDCoreTextData.m */; };
		04B583651C7F3F0B003F2582 /* DDCTFrameParser.m in Sources */ = {isa = PBXBuildFile; fileRef = 04B583641C7F3F0B003F2582 /* DDCTFrameParser.m */; };
		04B583681C7F48D7003F2582 /* DDCTFrameParserConfig.m in Sources */ = {isa = PBXBuildFile; fileRef = 04B583671C7F48D7003F2582 /* DDCTFrameParserConfig.m */; };
		04B5836C1C7FF740003F2582 /* DDCoreTextImageData.m in Sources */ = {isa = PBXBuildFile; fileRef = 04B5836B1C7FF740003F2582 /* DDCoreTextImageData.m */; };
		04B583EE1C80472E003F2582 /* DDCoreTextLinkData.m in Sources */ = {isa = PBXBuildFile; fileRef = 04B583ED1C80472E003F2582 /* DDCoreTextLinkData.m */; };
		04B583F11C8053AF003F2582 /* DDCoreTextPhoneNumber.m in Sources */ = {isa = PBXBuildFile; fileRef = 04B583F01C8053AF003F2582 /* DDCoreTextPhoneNumber.m */; };
		04B583F41C813E49003F2582 /* DDCoreTextUtils.m in Sources */ = {isa = PBXBuildFile; fileRef = 04B583F31C813E49003F2582 /* DDCoreTextUtils.m */; };
/* End PBXBuildFile section */

/* Begin PBXContainerItemProxy section */
		04579CD31C7C007500FABFC3 /* PBXContainerItemProxy */ = {
			isa = PBXContainerItemProxy;
			containerPortal = 04579CB11C7C007500FABFC3 /* Project object */;
			proxyType = 1;
			remoteGlobalIDString = 04579CB81C7C007500FABFC3;
			remoteInfo = RichTextCoreText;
		};
		04579CDE1C7C007500FABFC3 /* PBXContainerItemProxy */ = {
			isa = PBXContainerItemProxy;
			containerPortal = 04579CB11C7C007500FABFC3 /* Project object */;
			proxyType = 1;
			remoteGlobalIDString = 04579CB81C7C007500FABFC3;
			remoteInfo = RichTextCoreText;
		};
/* End PBXContainerItemProxy section */

/* Begin PBXFileReference section */
		04579CB91C7C007500FABFC3 /* RichTextCoreText.app */ = {isa = PBXFileReference; explicitFileType = wrapper.application; includeInIndex = 0; path = RichTextCoreText.app; sourceTree = BUILT_PRODUCTS_DIR; };
		04579CBD1C7C007500FABFC3 /* main.m */ = {isa = PBXFileReference; lastKnownFileType = sourcecode.c.objc; path = main.m; sourceTree = "<group>"; };
		04579CBF1C7C007500FABFC3 /* AppDelegate.h */ = {isa = PBXFileReference; lastKnownFileType = sourcecode.c.h; path = AppDelegate.h; sourceTree = "<group>"; };
		04579CC01C7C007500FABFC3 /* AppDelegate.m */ = {isa = PBXFileReference; lastKnownFileType = sourcecode.c.objc; path = AppDelegate.m; sourceTree = "<group>"; };
		04579CC21C7C007500FABFC3 /* ViewController.h */ = {isa = PBXFileReference; lastKnownFileType = sourcecode.c.h; path = ViewController.h; sourceTree = "<group>"; };
		04579CC31C7C007500FABFC3 /* ViewController.m */ = {isa = PBXFileReference; lastKnownFileType = sourcecode.c.objc; path = ViewController.m; sourceTree = "<group>"; };
		04579CC61C7C007500FABFC3 /* Base */ = {isa = PBXFileReference; lastKnownFileType = file.storyboard; name = Base; path = Base.lproj/Main.storyboard; sourceTree = "<group>"; };
		04579CC81C7C007500FABFC3 /* Assets.xcassets */ = {isa = PBXFileReference; lastKnownFileType = folder.assetcatalog; path = Assets.xcassets; sourceTree = "<group>"; };
		04579CCB1C7C007500FABFC3 /* Base */ = {isa = PBXFileReference; lastKnownFileType = file.storyboard; name = Base; path = Base.lproj/LaunchScreen.storyboard; sourceTree = "<group>"; };
		04579CCD1C7C007500FABFC3 /* Info.plist */ = {isa = PBXFileReference; lastKnownFileType = text.plist.xml; path = Info.plist; sourceTree = "<group>"; };
		04579CD21C7C007500FABFC3 /* RichTextCoreTextTests.xctest */ = {isa = PBXFileReference; explicitFileType = wrapper.cfbundle; includeInIndex = 0; path = RichTextCoreTextTests.xctest; sourceTree = BUILT_PRODUCTS_DIR; };
		04579CD61C7C007500FABFC3 /* RichTextCoreTextTests.m */ = {isa = PBXFileReference; lastKnownFileType = sourcecode.c.objc; path = RichTextCoreTextTests.m; sourceTree = "<group>"; };
		04579CD81C7C007500FABFC3 /* Info.plist */ = {isa = PBXFileReference; lastKnownFileType = text.plist.xml; path = Info.plist; sourceTree = "<group>"; };
		04579CDD1C7C007500FABFC3 /* RichTextCoreTextUITests.xctest */ = {isa = PBXFileReference; explicitFileType = wrapper.cfbundle; includeInIndex = 0; path = RichTextCoreTextUITests.xctest; sourceTree = BUILT_PRODUCTS_DIR; };
		04579CE11C7C007500FABFC3 /* RichTextCoreTextUITests.m */ = {isa = PBXFileReference; lastKnownFileType = sourcecode.c.objc; path = RichTextCoreTextUITests.m; sourceTree = "<group>"; };
		04579CE31C7C007500FABFC3 /* Info.plist */ = {isa = PBXFileReference; lastKnownFileType = text.plist.xml; path = Info.plist; sourceTree = "<group>"; };
		04579CF01C7C011800FABFC3 /* active_page_image.png */ = {isa = PBXFileReference; lastKnownFileType = image.png; path = active_page_image.png; sourceTree = "<group>"; };
		04579CF11C7C011800FABFC3 /* board_system.png */ = {isa = PBXFileReference; lastKnownFileType = image.png; path = board_system.png; sourceTree = "<group>"; };
		04579CF21C7C011800FABFC3 /* board_system_down.png */ = {isa = PBXFileReference; lastKnownFileType = image.png; path = board_system_down.png; sourceTree = "<group>"; };
		04579CF31C7C011800FABFC3 /* del_emoji_normal.png */ = {isa = PBXFileReference; lastKnownFileType = image.png; path = del_emoji_normal.png; sourceTree = "<group>"; };
		04579CF41C7C011800FABFC3 /* del_emoji_normal@2x.png */ = {isa = PBXFileReference; lastKnownFileType = image.png; path = "del_emoji_normal@2x.png"; sourceTree = "<group>"; };
		04579CF51C7C011800FABFC3 /* del_emoji_select.png */ = {isa = PBXFileReference; lastKnownFileType = image.png; path = del_emoji_select.png; sourceTree = "<group>"; };
		04579CF61C7C011800FABFC3 /* del_emoji_select@2x.png */ = {isa = PBXFileReference; lastKnownFileType = image.png; path = "del_emoji_select@2x.png"; sourceTree = "<group>"; };
		04579CF71C7C011800FABFC3 /* emotion_del_normal.png */ = {isa = PBXFileReference; lastKnownFileType = image.png; path = emotion_del_normal.png; sourceTree = "<group>"; };
		04579CF81C7C011800FABFC3 /* f_static_000.png */ = {isa = PBXFileReference; lastKnownFileType = image.png; path = f_static_000.png; sourceTree = "<group>"; };
		04579CF91C7C011800FABFC3 /* f_static_001.png */ = {isa = PBXFileReference; lastKnownFileType = image.png; path = f_static_001.png; sourceTree = "<group>"; };
		04579CFA1C7C011800FABFC3 /* f_static_002.png */ = {isa = PBXFileReference; lastKnownFileType = image.png; path = f_static_002.png; sourceTree = "<group>"; };
		04579CFB1C7C011800FABFC3 /* f_static_003.png */ = {isa = PBXFileReference; lastKnownFileType = image.png; path = f_static_003.png; sourceTree = "<group>"; };
		04579CFC1C7C011800FABFC3 /* f_static_004.png */ = {isa = PBXFileReference; lastKnownFileType = image.png; path = f_static_004.png; sourceTree = "<group>"; };
		04579CFD1C7C011800FABFC3 /* f_static_005.png */ = {isa = PBXFileReference; lastKnownFileType = image.png; path = f_static_005.png; sourceTree = "<group>"; };
		04579CFE1C7C011800FABFC3 /* f_static_006.png */ = {isa = PBXFileReference; lastKnownFileType = image.png; path = f_static_006.png; sourceTree = "<group>"; };
		04579CFF1C7C011800FABFC3 /* f_static_007.png */ = {isa = PBXFileReference; lastKnownFileType = image.png; path = f_static_007.png; sourceTree = "<group>"; };
		04579D001C7C011800FABFC3 /* f_static_008.png */ = {isa = PBXFileReference; lastKnownFileType = image.png; path = f_static_008.png; sourceTree = "<group>"; };
		04579D011C7C011800FABFC3 /* f_static_009.png */ = {isa = PBXFileReference; lastKnownFileType = image.png; path = f_static_009.png; sourceTree = "<group>"; };
		04579D021C7C011800FABFC3 /* f_static_010.png */ = {isa = PBXFileReference; lastKnownFileType = image.png; path = f_static_010.png; sourceTree = "<group>"; };
		04579D031C7C011800FABFC3 /* f_static_011.png */ = {isa = PBXFileReference; lastKnownFileType = image.png; path = f_static_011.png; sourceTree = "<group>"; };
		04579D041C7C011800FABFC3 /* f_static_012.png */ = {isa = PBXFileReference; lastKnownFileType = image.png; path = f_static_012.png; sourceTree = "<group>"; };
		04579D051C7C011800FABFC3 /* f_static_013.png */ = {isa = PBXFileReference; lastKnownFileType = image.png; path = f_static_013.png; sourceTree = "<group>"; };
		04579D061C7C011800FABFC3 /* f_static_014.png */ = {isa = PBXFileReference; lastKnownFileType = image.png; path = f_static_014.png; sourceTree = "<group>"; };
		04579D071C7C011800FABFC3 /* f_static_015.png */ = {isa = PBXFileReference; lastKnownFileType = image.png; path = f_static_015.png; sourceTree = "<group>"; };
		04579D081C7C011800FABFC3 /* f_static_016.png */ = {isa = PBXFileReference; lastKnownFileType = image.png; path = f_static_016.png; sourceTree = "<group>"; };
		04579D091C7C011800FABFC3 /* f_static_017.png */ = {isa = PBXFileReference; lastKnownFileType = image.png; path = f_static_017.png; sourceTree = "<group>"; };
		04579D0A1C7C011800FABFC3 /* f_static_018.png */ = {isa = PBXFileReference; lastKnownFileType = image.png; path = f_static_018.png; sourceTree = "<group>"; };
		04579D0B1C7C011800FABFC3 /* f_static_019.png */ = {isa = PBXFileReference; lastKnownFileType = image.png; path = f_static_019.png; sourceTree = "<group>"; };
		04579D0C1C7C011800FABFC3 /* f_static_020.png */ = {isa = PBXFileReference; lastKnownFileType = image.png; path = f_static_020.png; sourceTree = "<group>"; };
		04579D0D1C7C011800FABFC3 /* f_static_021.png */ = {isa = PBXFileReference; lastKnownFileType = image.png; path = f_static_021.png; sourceTree = "<group>"; };
		04579D0E1C7C011800FABFC3 /* f_static_022.png */ = {isa = PBXFileReference; lastKnownFileType = image.png; path = f_static_022.png; sourceTree = "<group>"; };
		04579D0F1C7C011800FABFC3 /* f_static_023.png */ = {isa = PBXFileReference; lastKnownFileType = image.png; path = f_static_023.png; sourceTree = "<group>"; };
		04579D101C7C011800FABFC3 /* f_static_024.png */ = {isa = PBXFileReference; lastKnownFileType = image.png; path = f_static_024.png; sourceTree = "<group>"; };
		04579D111C7C011800FABFC3 /* f_static_025.png */ = {isa = PBXFileReference; lastKnownFileType = image.png; path = f_static_025.png; sourceTree = "<group>"; };
		04579D121C7C011800FABFC3 /* f_static_026.png */ = {isa = PBXFileReference; lastKnownFileType = image.png; path = f_static_026.png; sourceTree = "<group>"; };
		04579D131C7C011800FABFC3 /* f_static_027.png */ = {isa = PBXFileReference; lastKnownFileType = image.png; path = f_static_027.png; sourceTree = "<group>"; };
		04579D141C7C011800FABFC3 /* f_static_028.png */ = {isa = PBXFileReference; lastKnownFileType = image.png; path = f_static_028.png; sourceTree = "<group>"; };
		04579D151C7C011800FABFC3 /* f_static_029.png */ = {isa = PBXFileReference; lastKnownFileType = image.png; path = f_static_029.png; sourceTree = "<group>"; };
		04579D161C7C011800FABFC3 /* f_static_030.png */ = {isa = PBXFileReference; lastKnownFileType = image.png; path = f_static_030.png; sourceTree = "<group>"; };
		04579D171C7C011800FABFC3 /* f_static_031.png */ = {isa = PBXFileReference; lastKnownFileType = image.png; path = f_static_031.png; sourceTree = "<group>"; };
		04579D181C7C011800FABFC3 /* f_static_032.png */ = {isa = PBXFileReference; lastKnownFileType = image.png; path = f_static_032.png; sourceTree = "<group>"; };
		04579D191C7C011800FABFC3 /* f_static_033.png */ = {isa = PBXFileReference; lastKnownFileType = image.png; path = f_static_033.png; sourceTree = "<group>"; };
		04579D1A1C7C011800FABFC3 /* f_static_034.png */ = {isa = PBXFileReference; lastKnownFileType = image.png; path = f_static_034.png; sourceTree = "<group>"; };
		04579D1B1C7C011800FABFC3 /* f_static_035.png */ = {isa = PBXFileReference; lastKnownFileType = image.png; path = f_static_035.png; sourceTree = "<group>"; };
		04579D1C1C7C011800FABFC3 /* f_static_036.png */ = {isa = PBXFileReference; lastKnownFileType = image.png; path = f_static_036.png; sourceTree = "<group>"; };
		04579D1D1C7C011800FABFC3 /* f_static_037.png */ = {isa = PBXFileReference; lastKnownFileType = image.png; path = f_static_037.png; sourceTree = "<group>"; };
		04579D1E1C7C011800FABFC3 /* f_static_038.png */ = {isa = PBXFileReference; lastKnownFileType = image.png; path = f_static_038.png; sourceTree = "<group>"; };
		04579D1F1C7C011800FABFC3 /* f_static_039.png */ = {isa = PBXFileReference; lastKnownFileType = image.png; path = f_static_039.png; sourceTree = "<group>"; };
		04579D201C7C011800FABFC3 /* f_static_040.png */ = {isa = PBXFileReference; lastKnownFileType = image.png; path = f_static_040.png; sourceTree = "<group>"; };
		04579D211C7C011800FABFC3 /* f_static_041.png */ = {isa = PBXFileReference; lastKnownFileType = image.png; path = f_static_041.png; sourceTree = "<group>"; };
		04579D221C7C011800FABFC3 /* f_static_042.png */ = {isa = PBXFileReference; lastKnownFileType = image.png; path = f_static_042.png; sourceTree = "<group>"; };
		04579D231C7C011800FABFC3 /* f_static_043.png */ = {isa = PBXFileReference; lastKnownFileType = image.png; path = f_static_043.png; sourceTree = "<group>"; };
		04579D241C7C011800FABFC3 /* f_static_044.png */ = {isa = PBXFileReference; lastKnownFileType = image.png; path = f_static_044.png; sourceTree = "<group>"; };
		04579D251C7C011800FABFC3 /* f_static_045.png */ = {isa = PBXFileReference; lastKnownFileType = image.png; path = f_static_045.png; sourceTree = "<group>"; };
		04579D261C7C011800FABFC3 /* f_static_046.png */ = {isa = PBXFileReference; lastKnownFileType = image.png; path = f_static_046.png; sourceTree = "<group>"; };
		04579D271C7C011800FABFC3 /* f_static_047.png */ = {isa = PBXFileReference; lastKnownFileType = image.png; path = f_static_047.png; sourceTree = "<group>"; };
		04579D281C7C011800FABFC3 /* f_static_048.png */ = {isa = PBXFileReference; lastKnownFileType = image.png; path = f_static_048.png; sourceTree = "<group>"; };
		04579D291C7C011800FABFC3 /* f_static_049.png */ = {isa = PBXFileReference; lastKnownFileType = image.png; path = f_static_049.png; sourceTree = "<group>"; };
		04579D2A1C7C011800FABFC3 /* f_static_050.png */ = {isa = PBXFileReference; lastKnownFileType = image.png; path = f_static_050.png; sourceTree = "<group>"; };
		04579D2B1C7C011800FABFC3 /* f_static_051.png */ = {isa = PBXFileReference; lastKnownFileType = image.png; path = f_static_051.png; sourceTree = "<group>"; };
		04579D2C1C7C011800FABFC3 /* inactive_page_image.png */ = {isa = PBXFileReference; lastKnownFileType = image.png; path = inactive_page_image.png; sourceTree = "<group>"; };
		04579D6E1C7C02F900FABFC3 /* DDRichTextView.h */ = {isa = PBXFileReference; fileEncoding = 4; lastKnownFileType = sourcecode.c.h; path = DDRichTextView.h; sourceTree = "<group>"; };
		04579D6F1C7C02F900FABFC3 /* DDRichTextView.m */ = {isa = PBXFileReference; fileEncoding = 4; lastKnownFileType = sourcecode.c.objc; path = DDRichTextView.m; sourceTree = "<group>"; };
		046CF55A1C7DB2E200F8C307 /* ILRegularExpressionManager.h */ = {isa = PBXFileReference; fileEncoding = 4; lastKnownFileType = sourcecode.c.h; path = ILRegularExpressionManager.h; sourceTree = "<group>"; };
		046CF55B1C7DB2E200F8C307 /* ILRegularExpressionManager.m */ = {isa = PBXFileReference; fileEncoding = 4; lastKnownFileType = sourcecode.c.objc; path = ILRegularExpressionManager.m; sourceTree = "<group>"; };
		046CF55D1C7DB47F00F8C307 /* NSString+NSString_ILExtension.h */ = {isa = PBXFileReference; fileEncoding = 4; lastKnownFileType = sourcecode.c.h; path = "NSString+NSString_ILExtension.h"; sourceTree = "<group>"; };
		046CF55E1C7DB47F00F8C307 /* NSString+NSString_ILExtension.m */ = {isa = PBXFileReference; fileEncoding = 4; lastKnownFileType = sourcecode.c.objc; path = "NSString+NSString_ILExtension.m"; sourceTree = "<group>"; };
		046CF5601C7DB4FA00F8C307 /* NSArray+NSArray_ILExtension.h */ = {isa = PBXFileReference; fileEncoding = 4; lastKnownFileType = sourcecode.c.h; path = "NSArray+NSArray_ILExtension.h"; sourceTree = "<group>"; };
		046CF5611C7DB4FA00F8C307 /* NSArray+NSArray_ILExtension.m */ = {isa = PBXFileReference; fileEncoding = 4; lastKnownFileType = sourcecode.c.objc; path = "NSArray+NSArray_ILExtension.m"; sourceTree = "<group>"; };
		04B5834F1C7F3CCE003F2582 /* DDCTRichTextView.h */ = {isa = PBXFileReference; fileEncoding = 4; lastKnownFileType = sourcecode.c.h; path = DDCTRichTextView.h; sourceTree = "<group>"; };
		04B583501C7F3CCE003F2582 /* DDCTRichTextView.m */ = {isa = PBXFileReference; fileEncoding = 4; lastKnownFileType = sourcecode.c.objc; path = DDCTRichTextView.m; sourceTree = "<group>"; };
		04B5835A1C7F3D14003F2582 /* DDRegularExpression.h */ = {isa = PBXFileReference; fileEncoding = 4; lastKnownFileType = sourcecode.c.h; path = DDRegularExpression.h; sourceTree = "<group>"; };
		04B5835B1C7F3D14003F2582 /* DDRegularExpression.m */ = {isa = PBXFileReference; fileEncoding = 4; lastKnownFileType = sourcecode.c.objc; path = DDRegularExpression.m; sourceTree = "<group>"; };
		04B5835C1C7F3D14003F2582 /* NSString+DDRegularExtension.h */ = {isa = PBXFileReference; fileEncoding = 4; lastKnownFileType = sourcecode.c.h; path = "NSString+DDRegularExtension.h"; sourceTree = "<group>"; };
		04B5835D1C7F3D14003F2582 /* NSString+DDRegularExtension.m */ = {isa = PBXFileReference; fileEncoding = 4; lastKnownFileType = sourcecode.c.objc; path = "NSString+DDRegularExtension.m"; sourceTree = "<group>"; };
		04B583601C7F3EC7003F2582 /* DDCoreTextData.h */ = {isa = PBXFileReference; fileEncoding = 4; lastKnownFileType = sourcecode.c.h; path = DDCoreTextData.h; sourceTree = "<group>"; };
		04B583611C7F3EC7003F2582 /* DDCoreTextData.m */ = {isa = PBXFileReference; fileEncoding = 4; lastKnownFileType = sourcecode.c.objc; path = DDCoreTextData.m; sourceTree = "<group>"; };
		04B583631C7F3F0B003F2582 /* DDCTFrameParser.h */ = {isa = PBXFileReference; fileEncoding = 4; lastKnownFileType = sourcecode.c.h; path = DDCTFrameParser.h; sourceTree = "<group>"; };
		04B583641C7F3F0B003F2582 /* DDCTFrameParser.m */ = {isa = PBXFileReference; fileEncoding = 4; lastKnownFileType = sourcecode.c.objc; path = DDCTFrameParser.m; sourceTree = "<group>"; };
		04B583661C7F48D7003F2582 /* DDCTFrameParserConfig.h */ = {isa = PBXFileReference; fileEncoding = 4; lastKnownFileType = sourcecode.c.h; path = DDCTFrameParserConfig.h; sourceTree = "<group>"; };
		04B583671C7F48D7003F2582 /* DDCTFrameParserConfig.m */ = {isa = PBXFileReference; fileEncoding = 4; lastKnownFileType = sourcecode.c.objc; path = DDCTFrameParserConfig.m; sourceTree = "<group>"; };
		04B5836A1C7FF740003F2582 /* DDCoreTextImageData.h */ = {isa = PBXFileReference; fileEncoding = 4; lastKnownFileType = sourcecode.c.h; path = DDCoreTextImageData.h; sourceTree = "<group>"; };
		04B5836B1C7FF740003F2582 /* DDCoreTextImageData.m */ = {isa = PBXFileReference; fileEncoding = 4; lastKnownFileType = sourcecode.c.objc; path = DDCoreTextImageData.m; sourceTree = "<group>"; };
		04B583EC1C80472E003F2582 /* DDCoreTextLinkData.h */ = {isa = PBXFileReference; fileEncoding = 4; lastKnownFileType = sourcecode.c.h; path = DDCoreTextLinkData.h; sourceTree = "<group>"; };
		04B583ED1C80472E003F2582 /* DDCoreTextLinkData.m */ = {isa = PBXFileReference; fileEncoding = 4; lastKnownFileType = sourcecode.c.objc; path = DDCoreTextLinkData.m; sourceTree = "<group>"; };
		04B583EF1C8053AF003F2582 /* DDCoreTextPhoneNumber.h */ = {isa = PBXFileReference; fileEncoding = 4; lastKnownFileType = sourcecode.c.h; path = DDCoreTextPhoneNumber.h; sourceTree = "<group>"; };
		04B583F01C8053AF003F2582 /* DDCoreTextPhoneNumber.m */ = {isa = PBXFileReference; fileEncoding = 4; lastKnownFileType = sourcecode.c.objc; path = DDCoreTextPhoneNumber.m; sourceTree = "<group>"; };
		04B583F21C813E49003F2582 /* DDCoreTextUtils.h */ = {isa = PBXFileReference; fileEncoding = 4; lastKnownFileType = sourcecode.c.h; path = DDCoreTextUtils.h; sourceTree = "<group>"; };
		04B583F31C813E49003F2582 /* DDCoreTextUtils.m */ = {isa = PBXFileReference; fileEncoding = 4; lastKnownFileType = sourcecode.c.objc; path = DDCoreTextUtils.m; sourceTree = "<group>"; };
/* End PBXFileReference section */

/* Begin PBXFrameworksBuildPhase section */
		04579CB61C7C007500FABFC3 /* Frameworks */ = {
			isa = PBXFrameworksBuildPhase;
			buildActionMask = 2147483647;
			files = (
			);
			runOnlyForDeploymentPostprocessing = 0;
		};
		04579CCF1C7C007500FABFC3 /* Frameworks */ = {
			isa = PBXFrameworksBuildPhase;
			buildActionMask = 2147483647;
			files = (
			);
			runOnlyForDeploymentPostprocessing = 0;
		};
		04579CDA1C7C007500FABFC3 /* Frameworks */ = {
			isa = PBXFrameworksBuildPhase;
			buildActionMask = 2147483647;
			files = (
			);
			runOnlyForDeploymentPostprocessing = 0;
		};
/* End PBXFrameworksBuildPhase section */

/* Begin PBXGroup section */
		04579CB01C7C007500FABFC3 = {
			isa = PBXGroup;
			children = (
				04579CBB1C7C007500FABFC3 /* RichTextCoreText */,
				04579CD51C7C007500FABFC3 /* RichTextCoreTextTests */,
				04579CE01C7C007500FABFC3 /* RichTextCoreTextUITests */,
				04579CBA1C7C007500FABFC3 /* Products */,
			);
			sourceTree = "<group>";
		};
		04579CBA1C7C007500FABFC3 /* Products */ = {
			isa = PBXGroup;
			children = (
				04579CB91C7C007500FABFC3 /* RichTextCoreText.app */,
				04579CD21C7C007500FABFC3 /* RichTextCoreTextTests.xctest */,
				04579CDD1C7C007500FABFC3 /* RichTextCoreTextUITests.xctest */,
			);
			name = Products;
			sourceTree = "<group>";
		};
		04579CBB1C7C007500FABFC3 /* RichTextCoreText */ = {
			isa = PBXGroup;
			children = (
				04B5834E1C7F3CCE003F2582 /* DDCoreText */,
				04579D6D1C7C02E500FABFC3 /* DDRichTextView */,
				04579CEF1C7C011800FABFC3 /* faceimage */,
				04579CBF1C7C007500FABFC3 /* AppDelegate.h */,
				04579CC01C7C007500FABFC3 /* AppDelegate.m */,
				04579CC21C7C007500FABFC3 /* ViewController.h */,
				04579CC31C7C007500FABFC3 /* ViewController.m */,
				04579CC51C7C007500FABFC3 /* Main.storyboard */,
				04579CC81C7C007500FABFC3 /* Assets.xcassets */,
				04579CCA1C7C007500FABFC3 /* LaunchScreen.storyboard */,
				04579CCD1C7C007500FABFC3 /* Info.plist */,
				04579CBC1C7C007500FABFC3 /* Supporting Files */,
			);
			path = RichTextCoreText;
			sourceTree = "<group>";
		};
		04579CBC1C7C007500FABFC3 /* Supporting Files */ = {
			isa = PBXGroup;
			children = (
				04579CBD1C7C007500FABFC3 /* main.m */,
			);
			name = "Supporting Files";
			sourceTree = "<group>";
		};
		04579CD51C7C007500FABFC3 /* RichTextCoreTextTests */ = {
			isa = PBXGroup;
			children = (
				04579CD61C7C007500FABFC3 /* RichTextCoreTextTests.m */,
				04579CD81C7C007500FABFC3 /* Info.plist */,
			);
			path = RichTextCoreTextTests;
			sourceTree = "<group>";
		};
		04579CE01C7C007500FABFC3 /* RichTextCoreTextUITests */ = {
			isa = PBXGroup;
			children = (
				04579CE11C7C007500FABFC3 /* RichTextCoreTextUITests.m */,
				04579CE31C7C007500FABFC3 /* Info.plist */,
			);
			path = RichTextCoreTextUITests;
			sourceTree = "<group>";
		};
		04579CEF1C7C011800FABFC3 /* faceimage */ = {
			isa = PBXGroup;
			children = (
				04579CF01C7C011800FABFC3 /* active_page_image.png */,
				04579CF11C7C011800FABFC3 /* board_system.png */,
				04579CF21C7C011800FABFC3 /* board_system_down.png */,
				04579CF31C7C011800FABFC3 /* del_emoji_normal.png */,
				04579CF41C7C011800FABFC3 /* del_emoji_normal@2x.png */,
				04579CF51C7C011800FABFC3 /* del_emoji_select.png */,
				04579CF61C7C011800FABFC3 /* del_emoji_select@2x.png */,
				04579CF71C7C011800FABFC3 /* emotion_del_normal.png */,
				04579CF81C7C011800FABFC3 /* f_static_000.png */,
				04579CF91C7C011800FABFC3 /* f_static_001.png */,
				04579CFA1C7C011800FABFC3 /* f_static_002.png */,
				04579CFB1C7C011800FABFC3 /* f_static_003.png */,
				04579CFC1C7C011800FABFC3 /* f_static_004.png */,
				04579CFD1C7C011800FABFC3 /* f_static_005.png */,
				04579CFE1C7C011800FABFC3 /* f_static_006.png */,
				04579CFF1C7C011800FABFC3 /* f_static_007.png */,
				04579D001C7C011800FABFC3 /* f_static_008.png */,
				04579D011C7C011800FABFC3 /* f_static_009.png */,
				04579D021C7C011800FABFC3 /* f_static_010.png */,
				04579D031C7C011800FABFC3 /* f_static_011.png */,
				04579D041C7C011800FABFC3 /* f_static_012.png */,
				04579D051C7C011800FABFC3 /* f_static_013.png */,
				04579D061C7C011800FABFC3 /* f_static_014.png */,
				04579D071C7C011800FABFC3 /* f_static_015.png */,
				04579D081C7C011800FABFC3 /* f_static_016.png */,
				04579D091C7C011800FABFC3 /* f_static_017.png */,
				04579D0A1C7C011800FABFC3 /* f_static_018.png */,
				04579D0B1C7C011800FABFC3 /* f_static_019.png */,
				04579D0C1C7C011800FABFC3 /* f_static_020.png */,
				04579D0D1C7C011800FABFC3 /* f_static_021.png */,
				04579D0E1C7C011800FABFC3 /* f_static_022.png */,
				04579D0F1C7C011800FABFC3 /* f_static_023.png */,
				04579D101C7C011800FABFC3 /* f_static_024.png */,
				04579D111C7C011800FABFC3 /* f_static_025.png */,
				04579D121C7C011800FABFC3 /* f_static_026.png */,
				04579D131C7C011800FABFC3 /* f_static_027.png */,
				04579D141C7C011800FABFC3 /* f_static_028.png */,
				04579D151C7C011800FABFC3 /* f_static_029.png */,
				04579D161C7C011800FABFC3 /* f_static_030.png */,
				04579D171C7C011800FABFC3 /* f_static_031.png */,
				04579D181C7C011800FABFC3 /* f_static_032.png */,
				04579D191C7C011800FABFC3 /* f_static_033.png */,
				04579D1A1C7C011800FABFC3 /* f_static_034.png */,
				04579D1B1C7C011800FABFC3 /* f_static_035.png */,
				04579D1C1C7C011800FABFC3 /* f_static_036.png */,
				04579D1D1C7C011800FABFC3 /* f_static_037.png */,
				04579D1E1C7C011800FABFC3 /* f_static_038.png */,
				04579D1F1C7C011800FABFC3 /* f_static_039.png */,
				04579D201C7C011800FABFC3 /* f_static_040.png */,
				04579D211C7C011800FABFC3 /* f_static_041.png */,
				04579D221C7C011800FABFC3 /* f_static_042.png */,
				04579D231C7C011800FABFC3 /* f_static_043.png */,
				04579D241C7C011800FABFC3 /* f_static_044.png */,
				04579D251C7C011800FABFC3 /* f_static_045.png */,
				04579D261C7C011800FABFC3 /* f_static_046.png */,
				04579D271C7C011800FABFC3 /* f_static_047.png */,
				04579D281C7C011800FABFC3 /* f_static_048.png */,
				04579D291C7C011800FABFC3 /* f_static_049.png */,
				04579D2A1C7C011800FABFC3 /* f_static_050.png */,
				04579D2B1C7C011800FABFC3 /* f_static_051.png */,
				04579D2C1C7C011800FABFC3 /* inactive_page_image.png */,
			);
			path = faceimage;
			sourceTree = "<group>";
		};
		04579D6D1C7C02E500FABFC3 /* DDRichTextView */ = {
			isa = PBXGroup;
			children = (
				046CF55A1C7DB2E200F8C307 /* ILRegularExpressionManager.h */,
				046CF55B1C7DB2E200F8C307 /* ILRegularExpressionManager.m */,
				04579D6E1C7C02F900FABFC3 /* DDRichTextView.h */,
				04579D6F1C7C02F900FABFC3 /* DDRichTextView.m */,
				046CF5601C7DB4FA00F8C307 /* NSArray+NSArray_ILExtension.h */,
				046CF5611C7DB4FA00F8C307 /* NSArray+NSArray_ILExtension.m */,
				046CF55D1C7DB47F00F8C307 /* NSString+NSString_ILExtension.h */,
				046CF55E1C7DB47F00F8C307 /* NSString+NSString_ILExtension.m */,
			);
			path = DDRichTextView;
			sourceTree = "<group>";
		};
		04B5834E1C7F3CCE003F2582 /* DDCoreText */ = {
			isa = PBXGroup;
			children = (
				04B583591C7F3D14003F2582 /* Extentions */,
				04B583531C7F3CCE003F2582 /* Model */,
				04B5834F1C7F3CCE003F2582 /* DDCTRichTextView.h */,
				04B583501C7F3CCE003F2582 /* DDCTRichTextView.m */,
			);
			path = DDCoreText;
			sourceTree = "<group>";
		};
		04B583531C7F3CCE003F2582 /* Model */ = {
			isa = PBXGroup;
			children = (
				04B583601C7F3EC7003F2582 /* DDCoreTextData.h */,
				04B583611C7F3EC7003F2582 /* DDCoreTextData.m */,
				04B583631C7F3F0B003F2582 /* DDCTFrameParser.h */,
				04B583641C7F3F0B003F2582 /* DDCTFrameParser.m */,
				04B583661C7F48D7003F2582 /* DDCTFrameParserConfig.h */,
				04B583671C7F48D7003F2582 /* DDCTFrameParserConfig.m */,
				04B5836A1C7FF740003F2582 /* DDCoreTextImageData.h */,
				04B5836B1C7FF740003F2582 /* DDCoreTextImageData.m */,
				04B583EC1C80472E003F2582 /* DDCoreTextLinkData.h */,
				04B583ED1C80472E003F2582 /* DDCoreTextLinkData.m */,
				04B583EF1C8053AF003F2582 /* DDCoreTextPhoneNumber.h */,
				04B583F01C8053AF003F2582 /* DDCoreTextPhoneNumber.m */,
				04B583F21C813E49003F2582 /* DDCoreTextUtils.h */,
				04B583F31C813E49003F2582 /* DDCoreTextUtils.m */,
			);
			path = Model;
			sourceTree = "<group>";
		};
		04B583591C7F3D14003F2582 /* Extentions */ = {
			isa = PBXGroup;
			children = (
				04B5835A1C7F3D14003F2582 /* DDRegularExpression.h */,
				04B5835B1C7F3D14003F2582 /* DDRegularExpression.m */,
				04B5835C1C7F3D14003F2582 /* NSString+DDRegularExtension.h */,
				04B5835D1C7F3D14003F2582 /* NSString+DDRegularExtension.m */,
			);
			path = Extentions;
			sourceTree = "<group>";
		};
/* End PBXGroup section */

/* Begin PBXNativeTarget section */
		04579CB81C7C007500FABFC3 /* RichTextCoreText */ = {
			isa = PBXNativeTarget;
			buildConfigurationList = 04579CE61C7C007500FABFC3 /* Build configuration list for PBXNativeTarget "RichTextCoreText" */;
			buildPhases = (
				04579CB51C7C007500FABFC3 /* Sources */,
				04579CB61C7C007500FABFC3 /* Frameworks */,
				04579CB71C7C007500FABFC3 /* Resources */,
			);
			buildRules = (
			);
			dependencies = (
			);
			name = RichTextCoreText;
			productName = RichTextCoreText;
			productReference = 04579CB91C7C007500FABFC3 /* RichTextCoreText.app */;
			productType = "com.apple.product-type.application";
		};
		04579CD11C7C007500FABFC3 /* RichTextCoreTextTests */ = {
			isa = PBXNativeTarget;
			buildConfigurationList = 04579CE91C7C007500FABFC3 /* Build configuration list for PBXNativeTarget "RichTextCoreTextTests" */;
			buildPhases = (
				04579CCE1C7C007500FABFC3 /* Sources */,
				04579CCF1C7C007500FABFC3 /* Frameworks */,
				04579CD01C7C007500FABFC3 /* Resources */,
			);
			buildRules = (
			);
			dependencies = (
				04579CD41C7C007500FABFC3 /* PBXTargetDependency */,
			);
			name = RichTextCoreTextTests;
			productName = RichTextCoreTextTests;
			productReference = 04579CD21C7C007500FABFC3 /* RichTextCoreTextTests.xctest */;
			productType = "com.apple.product-type.bundle.unit-test";
		};
		04579CDC1C7C007500FABFC3 /* RichTextCoreTextUITests */ = {
			isa = PBXNativeTarget;
			buildConfigurationList = 04579CEC1C7C007500FABFC3 /* Build configuration list for PBXNativeTarget "RichTextCoreTextUITests" */;
			buildPhases = (
				04579CD91C7C007500FABFC3 /* Sources */,
				04579CDA1C7C007500FABFC3 /* Frameworks */,
				04579CDB1C7C007500FABFC3 /* Resources */,
			);
			buildRules = (
			);
			dependencies = (
				04579CDF1C7C007500FABFC3 /* PBXTargetDependency */,
			);
			name = RichTextCoreTextUITests;
			productName = RichTextCoreTextUITests;
			productReference = 04579CDD1C7C007500FABFC3 /* RichTextCoreTextUITests.xctest */;
			productType = "com.apple.product-type.bundle.ui-testing";
		};
/* End PBXNativeTarget section */

/* Begin PBXProject section */
		04579CB11C7C007500FABFC3 /* Project object */ = {
			isa = PBXProject;
			attributes = {
				LastUpgradeCheck = 0720;
				ORGANIZATIONNAME = dongdong;
				TargetAttributes = {
					04579CB81C7C007500FABFC3 = {
						CreatedOnToolsVersion = 7.2.1;
					};
					04579CD11C7C007500FABFC3 = {
						CreatedOnToolsVersion = 7.2.1;
						TestTargetID = 04579CB81C7C007500FABFC3;
					};
					04579CDC1C7C007500FABFC3 = {
						CreatedOnToolsVersion = 7.2.1;
						TestTargetID = 04579CB81C7C007500FABFC3;
					};
				};
			};
			buildConfigurationList = 04579CB41C7C007500FABFC3 /* Build configuration list for PBXProject "RichTextCoreText" */;
			compatibilityVersion = "Xcode 3.2";
			developmentRegion = English;
			hasScannedForEncodings = 0;
			knownRegions = (
				en,
				Base,
			);
			mainGroup = 04579CB01C7C007500FABFC3;
			productRefGroup = 04579CBA1C7C007500FABFC3 /* Products */;
			projectDirPath = "";
			projectRoot = "";
			targets = (
				04579CB81C7C007500FABFC3 /* RichTextCoreText */,
				04579CD11C7C007500FABFC3 /* RichTextCoreTextTests */,
				04579CDC1C7C007500FABFC3 /* RichTextCoreTextUITests */,
			);
		};
/* End PBXProject section */

/* Begin PBXResourcesBuildPhase section */
		04579CB71C7C007500FABFC3 /* Resources */ = {
			isa = PBXResourcesBuildPhase;
			buildActionMask = 2147483647;
			files = (
				04579CCC1C7C007500FABFC3 /* LaunchScreen.storyboard in Resources */,
				04579D491C7C011800FABFC3 /* f_static_020.png in Resources */,
				04579D4C1C7C011800FABFC3 /* f_static_023.png in Resources */,
				04579CC91C7C007500FABFC3 /* Assets.xcassets in Resources */,
				04579D471C7C011800FABFC3 /* f_static_018.png in Resources */,
				04579D5C1C7C011800FABFC3 /* f_static_039.png in Resources */,
				04579D411C7C011800FABFC3 /* f_static_012.png in Resources */,
				04579D601C7C011800FABFC3 /* f_static_043.png in Resources */,
				04579D681C7C011800FABFC3 /* f_static_051.png in Resources */,
				04579D5E1C7C011800FABFC3 /* f_static_041.png in Resources */,
				04579D5D1C7C011800FABFC3 /* f_static_040.png in Resources */,
				04579D381C7C011800FABFC3 /* f_static_003.png in Resources */,
				04579D391C7C011800FABFC3 /* f_static_004.png in Resources */,
				04579D641C7C011800FABFC3 /* f_static_047.png in Resources */,
				04579D591C7C011800FABFC3 /* f_static_036.png in Resources */,
				04579D4B1C7C011800FABFC3 /* f_static_022.png in Resources */,
				04579D321C7C011800FABFC3 /* del_emoji_select.png in Resources */,
				04579D5A1C7C011800FABFC3 /* f_static_037.png in Resources */,
				04579D4A1C7C011800FABFC3 /* f_static_021.png in Resources */,
				04579D671C7C011800FABFC3 /* f_static_050.png in Resources */,
				04579D621C7C011800FABFC3 /* f_static_045.png in Resources */,
				04579D581C7C011800FABFC3 /* f_static_035.png in Resources */,
				04579D3E1C7C011800FABFC3 /* f_static_009.png in Resources */,
				04579D421C7C011800FABFC3 /* f_static_013.png in Resources */,
				04579D2D1C7C011800FABFC3 /* active_page_image.png in Resources */,
				04579D301C7C011800FABFC3 /* del_emoji_normal.png in Resources */,
				04579D521C7C011800FABFC3 /* f_static_029.png in Resources */,
				04579D3D1C7C011800FABFC3 /* f_static_008.png in Resources */,
				04579D661C7C011800FABFC3 /* f_static_049.png in Resources */,
				04579D561C7C011800FABFC3 /* f_static_033.png in Resources */,
				04579D371C7C011800FABFC3 /* f_static_002.png in Resources */,
				04579D5B1C7C011800FABFC3 /* f_static_038.png in Resources */,
				04579D511C7C011800FABFC3 /* f_static_028.png in Resources */,
				04579D4F1C7C011800FABFC3 /* f_static_026.png in Resources */,
				04579D4D1C7C011800FABFC3 /* f_static_024.png in Resources */,
				04579D311C7C011800FABFC3 /* del_emoji_normal@2x.png in Resources */,
				04579D501C7C011800FABFC3 /* f_static_027.png in Resources */,
				04579D341C7C011800FABFC3 /* emotion_del_normal.png in Resources */,
				04579D551C7C011800FABFC3 /* f_static_032.png in Resources */,
				04579D451C7C011800FABFC3 /* f_static_016.png in Resources */,
				04579D361C7C011800FABFC3 /* f_static_001.png in Resources */,
				04579D3A1C7C011800FABFC3 /* f_static_005.png in Resources */,
				04579D3F1C7C011800FABFC3 /* f_static_010.png in Resources */,
				04579CC71C7C007500FABFC3 /* Main.storyboard in Resources */,
				04579D4E1C7C011800FABFC3 /* f_static_025.png in Resources */,
				04579D2E1C7C011800FABFC3 /* board_system.png in Resources */,
				04579D2F1C7C011800FABFC3 /* board_system_down.png in Resources */,
				04579D531C7C011800FABFC3 /* f_static_030.png in Resources */,
				04579D431C7C011800FABFC3 /* f_static_014.png in Resources */,
				04579D331C7C011800FABFC3 /* del_emoji_select@2x.png in Resources */,
				04579D651C7C011800FABFC3 /* f_static_048.png in Resources */,
				04579D481C7C011800FABFC3 /* f_static_019.png in Resources */,
				04579D351C7C011800FABFC3 /* f_static_000.png in Resources */,
				04579D541C7C011800FABFC3 /* f_static_031.png in Resources */,
				04579D631C7C011800FABFC3 /* f_static_046.png in Resources */,
				04579D401C7C011800FABFC3 /* f_static_011.png in Resources */,
				04579D3C1C7C011800FABFC3 /* f_static_007.png in Resources */,
				04579D571C7C011800FABFC3 /* f_static_034.png in Resources */,
				04579D3B1C7C011800FABFC3 /* f_static_006.png in Resources */,
				04579D691C7C011800FABFC3 /* inactive_page_image.png in Resources */,
				04579D461C7C011800FABFC3 /* f_static_017.png in Resources */,
				04579D441C7C011800FABFC3 /* f_static_015.png in Resources */,
				04579D5F1C7C011800FABFC3 /* f_static_042.png in Resources */,
				04579D611C7C011800FABFC3 /* f_static_044.png in Resources */,
			);
			runOnlyForDeploymentPostprocessing = 0;
		};
		04579CD01C7C007500FABFC3 /* Resources */ = {
			isa = PBXResourcesBuildPhase;
			buildActionMask = 2147483647;
			files = (
			);
			runOnlyForDeploymentPostprocessing = 0;
		};
		04579CDB1C7C007500FABFC3 /* Resources */ = {
			isa = PBXResourcesBuildPhase;
			buildActionMask = 2147483647;
			files = (
			);
			runOnlyForDeploymentPostprocessing = 0;
		};
/* End PBXResourcesBuildPhase section */

/* Begin PBXSourcesBuildPhase section */
		04579CB51C7C007500FABFC3 /* Sources */ = {
			isa = PBXSourcesBuildPhase;
			buildActionMask = 2147483647;
			files = (
				04B5835F1C7F3D14003F2582 /* NSString+DDRegularExtension.m in Sources */,
				04B5836C1C7FF740003F2582 /* DDCoreTextImageData.m in Sources */,
				046CF55F1C7DB47F00F8C307 /* NSString+NSString_ILExtension.m in Sources */,
				04B583F41C813E49003F2582 /* DDCoreTextUtils.m in Sources */,
				046CF5621C7DB4FA00F8C307 /* NSArray+NSArray_ILExtension.m in Sources */,
				04B583681C7F48D7003F2582 /* DDCTFrameParserConfig.m in Sources */,
				04B583651C7F3F0B003F2582 /* DDCTFrameParser.m in Sources */,
				04B583561C7F3CCE003F2582 /* DDCTRichTextView.m in Sources */,
				046CF55C1C7DB2E200F8C307 /* ILRegularExpressionManager.m in Sources */,
				04579CC41C7C007500FABFC3 /* ViewController.m in Sources */,
				04B583EE1C80472E003F2582 /* DDCoreTextLinkData.m in Sources */,
				04579D701C7C02F900FABFC3 /* DDRichTextView.m in Sources */,
				04B583F11C8053AF003F2582 /* DDCoreTextPhoneNumber.m in Sources */,
				04579CC11C7C007500FABFC3 /* AppDelegate.m in Sources */,
				04B5835E1C7F3D14003F2582 /* DDRegularExpression.m in Sources */,
				04579CBE1C7C007500FABFC3 /* main.m in Sources */,
				04B583621C7F3EC7003F2582 /* DDCoreTextData.m in Sources */,
			);
			runOnlyForDeploymentPostprocessing = 0;
		};
		04579CCE1C7C007500FABFC3 /* Sources */ = {
			isa = PBXSourcesBuildPhase;
			buildActionMask = 2147483647;
			files = (
				04579CD71C7C007500FABFC3 /* RichTextCoreTextTests.m in Sources */,
			);
			runOnlyForDeploymentPostprocessing = 0;
		};
		04579CD91C7C007500FABFC3 /* Sources */ = {
			isa = PBXSourcesBuildPhase;
			buildActionMask = 2147483647;
			files = (
				04579CE21C7C007500FABFC3 /* RichTextCoreTextUITests.m in Sources */,
			);
			runOnlyForDeploymentPostprocessing = 0;
		};
/* End PBXSourcesBuildPhase section */

/* Begin PBXTargetDependency section */
		04579CD41C7C007500FABFC3 /* PBXTargetDependency */ = {
			isa = PBXTargetDependency;
			target = 04579CB81C7C007500FABFC3 /* RichTextCoreText */;
			targetProxy = 04579CD31C7C007500FABFC3 /* PBXContainerItemProxy */;
		};
		04579CDF1C7C007500FABFC3 /* PBXTargetDependency */ = {
			isa = PBXTargetDependency;
			target = 04579CB81C7C007500FABFC3 /* RichTextCoreText */;
			targetProxy = 04579CDE1C7C007500FABFC3 /* PBXContainerItemProxy */;
		};
/* End PBXTargetDependency section */

/* Begin PBXVariantGroup section */
		04579CC51C7C007500FABFC3 /* Main.storyboard */ = {
			isa = PBXVariantGroup;
			children = (
				04579CC61C7C007500FABFC3 /* Base */,
			);
			name = Main.storyboard;
			sourceTree = "<group>";
		};
		04579CCA1C7C007500FABFC3 /* LaunchScreen.storyboard */ = {
			isa = PBXVariantGroup;
			children = (
				04579CCB1C7C007500FABFC3 /* Base */,
			);
			name = LaunchScreen.storyboard;
			sourceTree = "<group>";
		};
/* End PBXVariantGroup section */

/* Begin XCBuildConfiguration section */
		04579CE41C7C007500FABFC3 /* Debug */ = {
			isa = XCBuildConfiguration;
			buildSettings = {
				ALWAYS_SEARCH_USER_PATHS = NO;
				CLANG_CXX_LANGUAGE_STANDARD = "gnu++0x";
				CLANG_CXX_LIBRARY = "libc++";
				CLANG_ENABLE_MODULES = YES;
				CLANG_ENABLE_OBJC_ARC = YES;
				CLANG_WARN_BOOL_CONVERSION = YES;
				CLANG_WARN_CONSTANT_CONVERSION = YES;
				CLANG_WARN_DIRECT_OBJC_ISA_USAGE = YES_ERROR;
				CLANG_WARN_EMPTY_BODY = YES;
				CLANG_WARN_ENUM_CONVERSION = YES;
				CLANG_WARN_INT_CONVERSION = YES;
				CLANG_WARN_OBJC_ROOT_CLASS = YES_ERROR;
				CLANG_WARN_UNREACHABLE_CODE = YES;
				CLANG_WARN__DUPLICATE_METHOD_MATCH = YES;
				"CODE_SIGN_IDENTITY[sdk=iphoneos*]" = "iPhone Developer";
				COPY_PHASE_STRIP = NO;
				DEBUG_INFORMATION_FORMAT = dwarf;
				ENABLE_STRICT_OBJC_MSGSEND = YES;
				ENABLE_TESTABILITY = YES;
				GCC_C_LANGUAGE_STANDARD = gnu99;
				GCC_DYNAMIC_NO_PIC = NO;
				GCC_NO_COMMON_BLOCKS = YES;
				GCC_OPTIMIZATION_LEVEL = 0;
				GCC_PREPROCESSOR_DEFINITIONS = (
					"DEBUG=1",
					"$(inherited)",
				);
				GCC_WARN_64_TO_32_BIT_CONVERSION = YES;
				GCC_WARN_ABOUT_RETURN_TYPE = YES_ERROR;
				GCC_WARN_UNDECLARED_SELECTOR = YES;
				GCC_WARN_UNINITIALIZED_AUTOS = YES_AGGRESSIVE;
				GCC_WARN_UNUSED_FUNCTION = YES;
				GCC_WARN_UNUSED_VARIABLE = YES;
				IPHONEOS_DEPLOYMENT_TARGET = 9.2;
				MTL_ENABLE_DEBUG_INFO = YES;
				ONLY_ACTIVE_ARCH = YES;
				SDKROOT = iphoneos;
				TARGETED_DEVICE_FAMILY = "1,2";
			};
			name = Debug;
		};
		04579CE51C7C007500FABFC3 /* Release */ = {
			isa = XCBuildConfiguration;
			buildSettings = {
				ALWAYS_SEARCH_USER_PATHS = NO;
				CLANG_CXX_LANGUAGE_STANDARD = "gnu++0x";
				CLANG_CXX_LIBRARY = "libc++";
				CLANG_ENABLE_MODULES = YES;
				CLANG_ENABLE_OBJC_ARC = YES;
				CLANG_WARN_BOOL_CONVERSION = YES;
				CLANG_WARN_CONSTANT_CONVERSION = YES;
				CLANG_WARN_DIRECT_OBJC_ISA_USAGE = YES_ERROR;
				CLANG_WARN_EMPTY_BODY = YES;
				CLANG_WARN_ENUM_CONVERSION = YES;
				CLANG_WARN_INT_CONVERSION = YES;
				CLANG_WARN_OBJC_ROOT_CLASS = YES_ERROR;
				CLANG_WARN_UNREACHABLE_CODE = YES;
				CLANG_WARN__DUPLICATE_METHOD_MATCH = YES;
				"CODE_SIGN_IDENTITY[sdk=iphoneos*]" = "iPhone Developer";
				COPY_PHASE_STRIP = NO;
				DEBUG_INFORMATION_FORMAT = "dwarf-with-dsym";
				ENABLE_NS_ASSERTIONS = NO;
				ENABLE_STRICT_OBJC_MSGSEND = YES;
				GCC_C_LANGUAGE_STANDARD = gnu99;
				GCC_NO_COMMON_BLOCKS = YES;
				GCC_WARN_64_TO_32_BIT_CONVERSION = YES;
				GCC_WARN_ABOUT_RETURN_TYPE = YES_ERROR;
				GCC_WARN_UNDECLARED_SELECTOR = YES;
				GCC_WARN_UNINITIALIZED_AUTOS = YES_AGGRESSIVE;
				GCC_WARN_UNUSED_FUNCTION = YES;
				GCC_WARN_UNUSED_VARIABLE = YES;
				IPHONEOS_DEPLOYMENT_TARGET = 9.2;
				MTL_ENABLE_DEBUG_INFO = NO;
				SDKROOT = iphoneos;
				TARGETED_DEVICE_FAMILY = "1,2";
				VALIDATE_PRODUCT = YES;
			};
			name = Release;
		};
		04579CE71C7C007500FABFC3 /* Debug */ = {
			isa = XCBuildConfiguration;
			buildSettings = {
				ASSETCATALOG_COMPILER_APPICON_NAME = AppIcon;
				INFOPLIST_FILE = RichTextCoreText/Info.plist;
				LD_RUNPATH_SEARCH_PATHS = "$(inherited) @executable_path/Frameworks";
				PRODUCT_BUNDLE_IDENTIFIER = yudongdong.RichTextCoreText;
				PRODUCT_NAME = "$(TARGET_NAME)";
			};
			name = Debug;
		};
		04579CE81C7C007500FABFC3 /* Release */ = {
			isa = XCBuildConfiguration;
			buildSettings = {
				ASSETCATALOG_COMPILER_APPICON_NAME = AppIcon;
				INFOPLIST_FILE = RichTextCoreText/Info.plist;
				LD_RUNPATH_SEARCH_PATHS = "$(inherited) @executable_path/Frameworks";
				PRODUCT_BUNDLE_IDENTIFIER = yudongdong.RichTextCoreText;
				PRODUCT_NAME = "$(TARGET_NAME)";
			};
			name = Release;
		};
		04579CEA1C7C007500FABFC3 /* Debug */ = {
			isa = XCBuildConfiguration;
			buildSettings = {
				BUNDLE_LOADER = "$(TEST_HOST)";
				INFOPLIST_FILE = RichTextCoreTextTests/Info.plist;
				LD_RUNPATH_SEARCH_PATHS = "$(inherited) @executable_path/Frameworks @loader_path/Frameworks";
				PRODUCT_BUNDLE_IDENTIFIER = yudongdong.RichTextCoreTextTests;
				PRODUCT_NAME = "$(TARGET_NAME)";
				TEST_HOST = "$(BUILT_PRODUCTS_DIR)/RichTextCoreText.app/RichTextCoreText";
			};
			name = Debug;
		};
		04579CEB1C7C007500FABFC3 /* Release */ = {
			isa = XCBuildConfiguration;
			buildSettings = {
				BUNDLE_LOADER = "$(TEST_HOST)";
				INFOPLIST_FILE = RichTextCoreTextTests/Info.plist;
				LD_RUNPATH_SEARCH_PATHS = "$(inherited) @executable_path/Frameworks @loader_path/Frameworks";
				PRODUCT_BUNDLE_IDENTIFIER = yudongdong.RichTextCoreTextTests;
				PRODUCT_NAME = "$(TARGET_NAME)";
				TEST_HOST = "$(BUILT_PRODUCTS_DIR)/RichTextCoreText.app/RichTextCoreText";
			};
			name = Release;
		};
		04579CED1C7C007500FABFC3 /* Debug */ = {
			isa = XCBuildConfiguration;
			buildSettings = {
				INFOPLIST_FILE = RichTextCoreTextUITests/Info.plist;
				LD_RUNPATH_SEARCH_PATHS = "$(inherited) @executable_path/Frameworks @loader_path/Frameworks";
				PRODUCT_BUNDLE_IDENTIFIER = yudongdong.RichTextCoreTextUITests;
				PRODUCT_NAME = "$(TARGET_NAME)";
				TEST_TARGET_NAME = RichTextCoreText;
				USES_XCTRUNNER = YES;
			};
			name = Debug;
		};
		04579CEE1C7C007500FABFC3 /* Release */ = {
			isa = XCBuildConfiguration;
			buildSettings = {
				INFOPLIST_FILE = RichTextCoreTextUITests/Info.plist;
				LD_RUNPATH_SEARCH_PATHS = "$(inherited) @executable_path/Frameworks @loader_path/Frameworks";
				PRODUCT_BUNDLE_IDENTIFIER = yudongdong.RichTextCoreTextUITests;
				PRODUCT_NAME = "$(TARGET_NAME)";
				TEST_TARGET_NAME = RichTextCoreText;
				USES_XCTRUNNER = YES;
			};
			name = Release;
		};
/* End XCBuildConfiguration section */

/* Begin XCConfigurationList section */
		04579CB41C7C007500FABFC3 /* Build configuration list for PBXProject "RichTextCoreText" */ = {
			isa = XCConfigurationList;
			buildConfigurations = (
				04579CE41C7C007500FABFC3 /* Debug */,
				04579CE51C7C007500FABFC3 /* Release */,
			);
			defaultConfigurationIsVisible = 0;
			defaultConfigurationName = Release;
		};
		04579CE61C7C007500FABFC3 /* Build configuration list for PBXNativeTarget "RichTextCoreText" */ = {
			isa = XCConfigurationList;
			buildConfigurations = (
				04579CE71C7C007500FABFC3 /* Debug */,
				04579CE81C7C007500FABFC3 /* Release */,
			);
			defaultConfigurationIsVisible = 0;
			defaultConfigurationName = Release;
		};
		04579CE91C7C007500FABFC3 /* Build configuration list for PBXNativeTarget "RichTextCoreTextTests" */ = {
			isa = XCConfigurationList;
			buildConfigurations = (
				04579CEA1C7C007500FABFC3 /* Debug */,
				04579CEB1C7C007500FABFC3 /* Release */,
			);
			defaultConfigurationIsVisible = 0;
			defaultConfigurationName = Release;
		};
		04579CEC1C7C007500FABFC3 /* Build configuration list for PBXNativeTarget "RichTextCoreTextUITests" */ = {
			isa = XCConfigurationList;
			buildConfigurations = (
				04579CED1C7C007500FABFC3 /* Debug */,
				04579CEE1C7C007500FABFC3 /* Release */,
			);
			defaultConfigurationIsVisible = 0;
			defaultConfigurationName = Release;
		};
/* End XCConfigurationList section */
	};
	rootObject = 04579CB11C7C007500FABFC3 /* Project object */;
}
